// !$*UTF8*$!
{
	archiveVersion = 1;
	classes = {
	};
	objectVersion = 56;
	objects = {

/* Begin PBXBuildFile section */
		000000000000000000000101 /* main.m in Sources */ = {isa = PBXBuildFile; fileRef = 000000000000000000000201 /* main.m */; };
		000000000000000000000102 /* AppDelegate.m in Sources */ = {isa = PBXBuildFile; fileRef = 000000000000000000000202 /* AppDelegate.m */; };
		000000000000000000000103 /* SceneDelegate.m in Sources */ = {isa = PBXBuildFile; fileRef = 000000000000000000000203 /* SceneDelegate.m */; };
		000000000000000000000104 /* ViewController.m in Sources */ = {isa = PBXBuildFile; fileRef = 000000000000000000000204 /* ViewController.m */; };
/* End PBXBuildFile section */

/* Begin PBXFileReference section */
		000000000000000000000201 /* main.m */ = {isa = PBXFileReference; lastKnownFileType = sourcecode.c.objc; path = main.m; sourceTree = "<group>"; };
		000000000000000000000202 /* AppDelegate.m */ = {isa = PBXFileReference; lastKnownFileType = sourcecode.c.objc; path = AppDelegate.m; sourceTree = "<group>"; };
		000000000000000000000203 /* SceneDelegate.m */ = {isa = PBXFileReference; lastKnownFileType = sourcecode.c.objc; path = SceneDelegate.m; sourceTree = "<group>"; };
		000000000000000000000204 /* ViewController.m */ = {isa = PBXFileReference; lastKnownFileType = sourcecode.c.objc; path = ViewController.m; sourceTree = "<group>"; };
		000000000000000000000206 /* AppDelegate.h */ = {isa = PBXFileReference; lastKnownFileType = sourcecode.c.h; path = AppDelegate.h; sourceTree = "<group>"; };
		000000000000000000000207 /* SceneDelegate.h */ = {isa = PBXFileReference; lastKnownFileType = sourcecode.c.h; path = SceneDelegate.h; sourceTree = "<group>"; };
		000000000000000000000208 /* ViewController.h */ = {isa = PBXFileReference; lastKnownFileType = sourcecode.c.h; path = ViewController.h; sourceTree = "<group>"; };
		000000000000000000000209 /* Info.plist */ = {isa = PBXFileReference; lastKnownFileType = text.plist.xml; path = Info.plist; sourceTree = "<group>"; };
		000000000000000000000301 /* MagicMagnifierSR.app */ = {isa = PBXFileReference; explicitFileType = wrapper.application; includeInIndex = 0; path = MagicMagnifierSR.app; sourceTree = BUILT_PRODUCTS_DIR; };
/* End PBXFileReference section */

/* Begin PBXFrameworksBuildPhase section */
		000000000000000000000401 /* Frameworks */ = {
			isa = PBXFrameworksBuildPhase;
			buildActionMask = 2147483647;
			files = (
			);
			runOnlyForDeploymentPostprocessing = 0;
		};
/* End PBXFrameworksBuildPhase section */

/* Begin PBXGroup section */
		000000000000000000000501 = {
			isa = PBXGroup;
			children = (
				000000000000000000000502 /* MagicMagnifierSR */,
				000000000000000000000503 /* Products */,
			);
			sourceTree = "<group>";
		};
		000000000000000000000502 /* MagicMagnifierSR */ = {
			isa = PBXGroup;
			children = (
				000000000000000000000206 /* AppDelegate.h */,
				000000000000000000000202 /* AppDelegate.m */,
				000000000000000000000207 /* SceneDelegate.h */,
				000000000000000000000203 /* SceneDelegate.m */,
				000000000000000000000208 /* ViewController.h */,
				000000000000000000000204 /* ViewController.m */,
				000000000000000000000201 /* main.m */,
				000000000000000000000209 /* Info.plist */,
			);
			name = MagicMagnifierSR;
			path = MagicCameraSR;
			sourceTree = "<group>";
		};
		000000000000000000000503 /* Products */ = {
			isa = PBXGroup;
			children = (
				000000000000000000000301 /* MagicMagnifierSR.app */,
			);
			name = Products;
			sourceTree = "<group>";
		};
/* End PBXGroup section */

/* Begin PBXNativeTarget section */
		000000000000000000000601 /* MagicMagnifierSR */ = {
			isa = PBXNativeTarget;
			buildConfigurationList = 000000000000000000000901 /* Build configuration list for PBXNativeTarget "MagicMagnifierSR" */;
			buildPhases = (
				000000000000000000000701 /* Sources */,
				000000000000000000000401 /* Frameworks */,
				000000000000000000000702 /* Copy Model Bin Files */,
				000000000000000000000801 /* Resources */,
			);
			buildRules = (
			);
			dependencies = (
			);
			name = MagicMagnifierSR;
			productName = MagicMagnifierSR;
			productReference = 000000000000000000000301 /* MagicMagnifierSR.app */;
			productType = "com.apple.product-type.application";
		};
/* End PBXNativeTarget section */

/* Begin PBXProject section */
		000000000000000000000001 /* Project object */ = {
			isa = PBXProject;
			attributes = {
				LastUpgradeCheck = 1500;
				TargetAttributes = {
					000000000000000000000601 = {
						CreatedOnToolsVersion = 15.0;
					};
				};
			};
			buildConfigurationList = 000000000000000000000900 /* Build configuration list for PBXProject "MagicMagnifierSR" */;
			compatibilityVersion = "Xcode 14.0";
			developmentRegion = en;
			hasScannedForEncodings = 0;
			knownRegions = (
				en,
				Base,
			);
			mainGroup = 000000000000000000000501;
			productRefGroup = 000000000000000000000503 /* Products */;
			projectDirPath = "";
			projectRoot = "";
			targets = (
				000000000000000000000601 /* MagicMagnifierSR */,
			);
		};
/* End PBXProject section */

/* Begin PBXShellScriptBuildPhase section */
		000000000000000000000702 /* Copy Model Bin Files */ = {
			isa = PBXShellScriptBuildPhase;
			buildActionMask = 2147483647;
			files = (
			);
			inputFileListPaths = (
			);
			inputPaths = (
			);
			name = "Copy Model Bin Files";
			outputFileListPaths = (
			);
			outputPaths = (
			);
			runOnlyForDeploymentPostprocessing = 0;
			shellPath = /bin/sh;
			shellScript = "set -e\nMODEL_SRC_DIR=\"${SRCROOT}/../model\"\nMODEL_DST_DIR=\"${TARGET_BUILD_DIR}/${UNLOCALIZED_RESOURCES_FOLDER_PATH}\"\nif [ ! -d \"$MODEL_SRC_DIR\" ]; then\n  echo \"error: model directory missing: $MODEL_SRC_DIR\"\n  exit 1\nfi\nmkdir -p \"$MODEL_DST_DIR\"\ncp \"$MODEL_SRC_DIR\"/*.bin \"$MODEL_DST_DIR\"/\n";
		};
/* End PBXShellScriptBuildPhase section */

/* Begin PBXResourcesBuildPhase section */
		000000000000000000000801 /* Resources */ = {
			isa = PBXResourcesBuildPhase;
			buildActionMask = 2147483647;
			files = (
			);
			runOnlyForDeploymentPostprocessing = 0;
		};
/* End PBXResourcesBuildPhase section */

/* Begin PBXSourcesBuildPhase section */
		000000000000000000000701 /* Sources */ = {
			isa = PBXSourcesBuildPhase;
			buildActionMask = 2147483647;
			files = (
				000000000000000000000101 /* main.m in Sources */,
				000000000000000000000102 /* AppDelegate.m in Sources */,
				000000000000000000000103 /* SceneDelegate.m in Sources */,
				000000000000000000000104 /* ViewController.m in Sources */,
			);
			runOnlyForDeploymentPostprocessing = 0;
		};
/* End PBXSourcesBuildPhase section */

/* Begin XCBuildConfiguration section */
		000000000000000000000A01 /* Debug */ = {
			isa = XCBuildConfiguration;
			buildSettings = {
				ALWAYS_SEARCH_USER_PATHS = NO;
				CLANG_ENABLE_MODULES = YES;
				CLANG_ENABLE_OBJC_ARC = YES;
				"CODE_SIGN_IDENTITY[sdk=iphoneos*]" = "Apple Development";
				CODE_SIGN_STYLE = Automatic;
				HEADER_SEARCH_PATHS = "$(SRCROOT)/../../../interface";
				IPHONEOS_DEPLOYMENT_TARGET = 18.4;
				LIBRARY_SEARCH_PATHS = "$(SRCROOT)/../../../lib/ios";
				OTHER_LDFLAGS = (
					"-lmagic_sr",
					"-framework",
					AVFoundation,
					"-framework",
					CoreVideo,
					"-framework",
					Foundation,
					"-framework",
					Metal,
					"-framework",
					MetalFX,
					"-framework",
					MetalKit,
					"-framework",
					MetalPerformanceShaders,
					"-framework",
					QuartzCore,
				);
				PRODUCT_BUNDLE_IDENTIFIER = com.joey.magiccamerasr;
				PRODUCT_NAME = MagicMagnifierSR;
				SDKROOT = iphoneos;
				TARGETED_DEVICE_FAMILY = "1,2";
			};
			name = Debug;
		};
		000000000000000000000A02 /* Release */ = {
			isa = XCBuildConfiguration;
			buildSettings = {
				ALWAYS_SEARCH_USER_PATHS = NO;
				CLANG_ENABLE_MODULES = YES;
				CLANG_ENABLE_OBJC_ARC = YES;
				"CODE_SIGN_IDENTITY[sdk=iphoneos*]" = "Apple Development";
				CODE_SIGN_STYLE = Automatic;
				HEADER_SEARCH_PATHS = "$(SRCROOT)/../../../interface";
				IPHONEOS_DEPLOYMENT_TARGET = 18.4;
				LIBRARY_SEARCH_PATHS = "$(SRCROOT)/../../../lib/ios";
				OTHER_LDFLAGS = (
					"-lmagic_sr",
					"-framework",
					AVFoundation,
					"-framework",
					CoreVideo,
					"-framework",
					Foundation,
					"-framework",
					Metal,
					"-framework",
					MetalFX,
					"-framework",
					MetalKit,
					"-framework",
					MetalPerformanceShaders,
					"-framework",
					QuartzCore,
				);
				PRODUCT_BUNDLE_IDENTIFIER = com.joey.magiccamerasr;
				PRODUCT_NAME = MagicMagnifierSR;
				SDKROOT = iphoneos;
				TARGETED_DEVICE_FAMILY = "1,2";
				VALIDATE_PRODUCT = YES;
			};
			name = Release;
		};
		000000000000000000000B01 /* Debug */ = {
			isa = XCBuildConfiguration;
			buildSettings = {
				DEVELOPMENT_TEAM = 6DZ9SHA9BX;
				INFOPLIST_FILE = MagicCameraSR/Info.plist;
				PROVISIONING_PROFILE_SPECIFIER = "";
			};
			name = Debug;
		};
		000000000000000000000B02 /* Release */ = {
			isa = XCBuildConfiguration;
			buildSettings = {
				DEVELOPMENT_TEAM = 6DZ9SHA9BX;
				INFOPLIST_FILE = MagicCameraSR/Info.plist;
				PROVISIONING_PROFILE_SPECIFIER = "";
			};
			name = Release;
		};
/* End XCBuildConfiguration section */

/* Begin XCConfigurationList section */
		000000000000000000000900 /* Build configuration list for PBXProject "MagicMagnifierSR" */ = {
			isa = XCConfigurationList;
			buildConfigurations = (
				000000000000000000000A01 /* Debug */,
				000000000000000000000A02 /* Release */,
			);
			defaultConfigurationIsVisible = 0;
			defaultConfigurationName = Debug;
		};
		000000000000000000000901 /* Build configuration list for PBXNativeTarget "MagicMagnifierSR" */ = {
			isa = XCConfigurationList;
			buildConfigurations = (
				000000000000000000000B01 /* Debug */,
				000000000000000000000B02 /* Release */,
			);
			defaultConfigurationIsVisible = 0;
			defaultConfigurationName = Debug;
		};
/* End XCConfigurationList section */
	};
	rootObject = 000000000000000000000001 /* Project object */;
}
